{
  "nodes": {
    "dns": {
      "inputs": {
        "nixpkgs": [
          "nixpkgs"
        ]
      },
      "locked": {
        "lastModified": 1597480140,
        "narHash": "sha256-Zz0McVTWaTr73rjj4CZAqDdniY+iTyN/nTrAdabbpZY=",
        "owner": "kloenk",
        "repo": "nix-dns",
        "rev": "f1b6c25b308538358642a0578ac8bde40e54e998",
        "type": "github"
      },
      "original": {
        "owner": "kloenk",
        "repo": "nix-dns",
        "type": "github"
      }
    },
    "event_start": {
      "inputs": {
        "nixpkgs": [
          "nixpkgs"
        ]
      },
      "locked": {
        "lastModified": 1614019030,
        "narHash": "sha256-1cKltiDAz02ewI277rmFptcjQARBhRhJiRHQadeOXWI=",
        "owner": "holbeh",
        "repo": "eventstart",
        "rev": "6f501bbb58510ecb89abffae54cbd43d238667dc",
        "type": "github"
      },
      "original": {
        "owner": "holbeh",
        "ref": "postshow",
        "repo": "eventstart",
        "type": "github"
      }
    },
    "fediventure": {
      "flake": false,
      "locked": {
        "lastModified": 1611601382,
        "narHash": "sha256-7INzsw6OfIQ067j8jyzBiKcbAATUj4C+3GZRvREome8=",
        "owner": "kloenk",
        "repo": "fediventure",
        "rev": "284da3c1ed5b093275f0754e02b271c767cac817",
        "type": "gitlab"
      },
      "original": {
        "owner": "kloenk",
        "ref": "jitsi",
        "repo": "fediventure",
        "type": "gitlab"
      }
    },
    "flake-compat": {
      "flake": false,
      "locked": {
        "lastModified": 1606424373,
        "narHash": "sha256-oq8d4//CJOrVj+EcOaSXvMebvuTkmBJuT5tzlfewUnQ=",
        "owner": "edolstra",
        "repo": "flake-compat",
        "rev": "99f1c2157fba4bfe6211a321fd0ee43199025dbf",
        "type": "github"
      },
      "original": {
        "owner": "edolstra",
        "repo": "flake-compat",
        "type": "github"
      }
    },
    "grahamc-config": {
      "flake": false,
      "locked": {
        "lastModified": 1605133335,
        "narHash": "sha256-7p3fE9Jc/0mQJ1WhMB0RsSeICrB7HzmQ6Spu2UEtNSY=",
        "owner": "grahamc",
        "repo": "nixos-config",
        "rev": "35388280d3b06ada5882d37c5b4f6d3baa43da69",
        "type": "github"
      },
      "original": {
        "owner": "grahamc",
        "repo": "nixos-config",
        "type": "github"
      }
    },
    "home-manager": {
      "inputs": {
        "nixpkgs": [
          "nixpkgs"
        ],
        "nmt": "nmt"
      },
      "locked": {
        "lastModified": 1590269472,
        "narHash": "sha256-wiHqSIYJ65/rjTNc8P4UIaU78hKhxdxDo/83n5I+6WU=",
        "owner": "kloenk",
        "repo": "home-manager",
        "rev": "fef8561af7fe842e81b38966fa5b2f7228396d14",
        "type": "github"
      },
      "original": {
        "owner": "kloenk",
        "ref": "flake-overlay",
        "repo": "home-manager",
        "type": "github"
      }
    },
    "hydra": {
      "inputs": {
        "nix": "nix",
        "nixpkgs": [
          "hydra",
          "nix",
          "nixpkgs"
        ]
      },
      "locked": {
        "lastModified": 1605999746,
        "narHash": "sha256-iurWIKPEza5ICsZOLVE1w6MoCohOqFifnedw/MafyI4=",
        "owner": "nixos",
        "repo": "hydra",
        "rev": "bde8d81876dfc02143e5070e42c78d8f0d83d6f7",
        "type": "github"
      },
      "original": {
        "owner": "nixos",
        "repo": "hydra",
        "type": "github"
      }
    },
    "lowdown-src": {
      "flake": false,
      "locked": {
        "lastModified": 1598695561,
        "narHash": "sha256-gyH/5j+h/nWw0W8AcR2WKvNBUsiQ7QuxqSJNXAwV+8E=",
        "owner": "kristapsdz",
        "repo": "lowdown",
        "rev": "1705b4a26fbf065d9574dce47a94e8c7c79e052f",
        "type": "github"
      },
      "original": {
        "owner": "kristapsdz",
        "repo": "lowdown",
        "type": "github"
      }
    },
    "mail-server": {
      "flake": false,
      "locked": {
        "lastModified": 1615112795,
        "narHash": "sha256-2FE8unWc4pmUeiEKI7NTtmMmGnSlN0ef1uSg3QbnE5c=",
        "owner": "simple-nixos-mailserver",
        "repo": "nixos-mailserver",
        "rev": "7627c29268d2f49ede330a806524447ad9cf9c3f",
        "type": "gitlab"
      },
      "original": {
        "owner": "simple-nixos-mailserver",
        "ref": "master",
        "repo": "nixos-mailserver",
        "type": "gitlab"
      }
    },
    "mixnix": {
      "flake": false,
      "locked": {
        "lastModified": 1587327380,
        "narHash": "sha256-+VkwVR1SKS8Bzs0V8E166R3utaB7oSFd2ueH8mHVJjs=",
        "ref": "master",
        "rev": "450d1dd2e9550b67db49accf4e67e560add5c32b",
        "revCount": 3,
        "type": "git",
        "url": "https://git.petabyte.dev/petabyteboy/mixnix"
      },
      "original": {
        "type": "git",
        "url": "https://git.petabyte.dev/petabyteboy/mixnix"
      }
    },
    "nix": {
      "inputs": {
        "lowdown-src": "lowdown-src",
        "nixpkgs": [
          "nixpkgs"
        ]
      },
      "locked": {
        "lastModified": 1605715425,
        "narHash": "sha256-h4VEpxnPBoUigXeoy0/8z8jUFKkJD9XG5dR/lt/rQCk=",
        "owner": "NixOS",
        "repo": "nix",
        "rev": "79aa7d95183cbe6c0d786965f0dbff414fd1aa67",
        "type": "github"
      },
      "original": {
        "id": "nix",
        "type": "indirect"
      }
    },
    "nix_2": {
      "inputs": {
        "nixpkgs": [
          "nixpkgs"
        ]
      },
      "locked": {
        "lastModified": 1615476733,
        "narHash": "sha256-iae4JMAl2KAaPhUGLMf4/DEejWjs5fWfEU1ccVF8s6Q=",
        "owner": "nixos",
        "repo": "nix",
        "rev": "8127094f767b6caae145bc395a504ca62f30af3e",
        "type": "github"
      },
      "original": {
        "owner": "nixos",
        "repo": "nix",
        "type": "github"
      }
    },
    "nixos-org": {
      "flake": false,
      "locked": {
        "lastModified": 1609260966,
        "narHash": "sha256-B1BhjWPBHd6iBV8of1mK6WrOP/HYDkyqcFBSU1GuwsA=",
        "owner": "nixos",
        "repo": "nixos-org-configurations",
        "rev": "b316f214cf83d9cb4fc0e3ce0d49f3cbdffce968",
        "type": "github"
      },
      "original": {
        "owner": "nixos",
        "repo": "nixos-org-configurations",
        "type": "github"
      }
    },
    "nixpkgs": {
      "locked": {
        "lastModified": 1617213266,
        "narHash": "sha256-UmehvyHI2hGgcv0IuyLJ1wL/7AEEHH/xrd75gkXcO4E=",
        "owner": "nixos",
        "repo": "nixpkgs",
        "rev": "f074dbaf218645099c5a2220f0f8b73063ce7902",
        "type": "github"
      },
      "original": {
        "owner": "nixos",
        "repo": "nixpkgs",
        "type": "github"
      }
    },
    "nmt": {
      "locked": {
        "lastModified": 1590269023,
        "narHash": "sha256-VNDyjOFqF17vOpNxc0QJ9W8rY2v610j+ov+sv6oPUl8=",
        "owner": "kloenk",
        "repo": "nmt",
        "rev": "6fce291806fb130ce3c2318a06179caa9a381406",
        "type": "github"
      },
      "original": {
        "owner": "kloenk",
        "repo": "nmt",
        "type": "github"
      }
    },
    "office-map": {
      "flake": false,
      "locked": {
        "lastModified": 1613902593,
        "narHash": "sha256-Cbsv9vZKWNUNWA8MiohokZE/mFrY4E9onY4KHBCHp8w=",
        "owner": "holbeh",
        "repo": "office-map",
        "rev": "0a9a6542bc926f539817ce3fdf1636c8e97489fe",
        "type": "github"
      },
      "original": {
        "owner": "holbeh",
        "repo": "office-map",
        "type": "github"
      }
    },
    "petabyte": {
      "flake": false,
      "locked": {
        "lastModified": 1614438817,
        "narHash": "sha256-PMXQmJnUcgGsjl4NuZtobInwzTzw6N3QaaYk/O9KC34=",
        "ref": "main",
        "rev": "de52bf8ed00f3857b2240e74dfb0244928890df0",
        "revCount": 562,
        "type": "git",
        "url": "https://git.petabyte.dev/petabyteboy/nixfiles"
      },
      "original": {
        "ref": "main",
        "type": "git",
        "url": "https://git.petabyte.dev/petabyteboy/nixfiles"
      }
    },
    "qyliss": {
      "flake": false,
      "locked": {
        "lastModified": 1607655673,
        "narHash": "sha256-Hk2lTaPuXLuWi18yMX82yvdXp6cAZMj515ODX7Sf0lo=",
        "ref": "master",
        "rev": "0182c6ff20c13e07a209b0699b38f1d933183515",
        "revCount": 233476,
        "type": "git",
        "url": "https://git.qyliss.net/nixlib"
      },
      "original": {
        "type": "git",
        "url": "https://git.qyliss.net/nixlib"
      }
    },
    "root": {
      "inputs": {
        "dns": "dns",
        "event_start": "event_start",
        "fediventure": "fediventure",
        "flake-compat": "flake-compat",
        "grahamc-config": "grahamc-config",
        "home-manager": "home-manager",
        "hydra": "hydra",
        "mail-server": "mail-server",
        "mixnix": "mixnix",
        "nix": "nix_2",
        "nixos-org": "nixos-org",
        "nixpkgs": "nixpkgs",
        "office-map": "office-map",
        "petabyte": "petabyte",
        "qyliss": "qyliss",
        "rtmp-auth": "rtmp-auth",
        "website": "website",
        "workadventure": "workadventure"
      }
    },
    "rtmp-auth": {
      "inputs": {
        "nixpkgs": [
          "nixpkgs"
        ]
      },
      "locked": {
        "lastModified": 1610139977,
        "narHash": "sha256-KcqB2aAO96aPWYLAKFntWqGxPbeECAb6ctyX8Hayjgo=",
        "ref": "main",
        "rev": "e5e4f38adefcba7ca255bfdbdbebf7b823f4a3e0",
        "revCount": 4,
        "type": "git",
        "url": "https://git.kloenk.dev/usee/rtmp-auth"
      },
      "original": {
        "ref": "main",
        "type": "git",
        "url": "https://git.kloenk.dev/usee/rtmp-auth"
      }
    },
    "website": {
      "flake": false,
      "locked": {
        "lastModified": 1613647885,
        "narHash": "sha256-p3r94I75rlWRUFKr7WMsEAffTk4xA9IVvwHNK8RUJws=",
        "ref": "master",
        "rev": "c491c6cc4c73eb080f518dfcd1400ecf92730b69",
        "revCount": 17,
        "type": "git",
        "url": "https://git.petabyte.dev/kloenk/website.git"
      },
      "original": {
        "type": "git",
        "url": "https://git.petabyte.dev/kloenk/website.git"
      }
    },
    "workadventure": {
      "flake": false,
      "locked": {
        "lastModified": 1611227004,
        "narHash": "sha256-6AF4T1ctvXzTlhIC8HRk4cb98aa7CY4UeC5Buk/+tyQ=",
        "owner": "kloenk",
        "repo": "workadventure-nix",
        "rev": "b4bfd52e7c27141890a16f913c7a5873fc5a06ef",
        "type": "gitlab"
      },
      "original": {
        "owner": "kloenk",
        "ref": "overlay",
        "repo": "workadventure-nix",
        "type": "gitlab"
      }
    }
  },
  "root": "root",
  "version": 7
}
