{
  "nodes": {
    "blobs": {
      "flake": false,
      "locked": {
        "lastModified": 1604995301,
        "narHash": "sha256-wcLzgLec6SGJA8fx1OEN1yV/Py5b+U5iyYpksUY/yLw=",
        "owner": "simple-nixos-mailserver",
        "repo": "blobs",
        "rev": "2cccdf1ca48316f2cfd1c9a0017e8de5a7156265",
        "type": "gitlab"
      },
      "original": {
        "owner": "simple-nixos-mailserver",
        "repo": "blobs",
        "type": "gitlab"
      }
    },
    "cachix": {
      "locked": {
        "lastModified": 1645296114,
        "narHash": "sha256-y53N7TyIkXsjMpOG7RhvqJFGDacLs9HlyHeSTBioqYU=",
        "owner": "nixos",
        "repo": "nixpkgs",
        "rev": "530a53dcbc9437363471167a5e4762c5fcfa34a1",
        "type": "github"
      },
      "original": {
        "owner": "nixos",
        "ref": "nixos-21.05",
        "repo": "nixpkgs",
        "type": "github"
      }
    },
    "darwin": {
      "inputs": {
        "nixpkgs": [
          "nixpkgs"
        ]
      },
      "locked": {
        "lastModified": 1665392861,
        "narHash": "sha256-bCd8fYJMAb0LzabsiXl4nxECDoz483bJOCa2hjox7N0=",
        "owner": "lnl7",
        "repo": "nix-darwin",
        "rev": "ef56fd8979b5f4e800c4716f62076e00600b1172",
        "type": "github"
      },
      "original": {
        "owner": "lnl7",
        "repo": "nix-darwin",
        "type": "github"
      }
    },
    "dns": {
      "inputs": {
        "nixpkgs": [
          "nixpkgs"
        ]
      },
      "locked": {
        "lastModified": 1597480140,
        "narHash": "sha256-Zz0McVTWaTr73rjj4CZAqDdniY+iTyN/nTrAdabbpZY=",
        "owner": "kloenk",
        "repo": "nix-dns",
        "rev": "f1b6c25b308538358642a0578ac8bde40e54e998",
        "type": "github"
      },
      "original": {
        "owner": "kloenk",
        "repo": "nix-dns",
        "type": "github"
      }
    },
    "emacs": {
      "locked": {
        "lastModified": 1645728626,
        "narHash": "sha256-6I6sTQSNXvNUXi62osoAD8Tp5tAG1MOVyF8+xA+CGCw=",
        "owner": "nix-community",
        "repo": "emacs-overlay",
        "rev": "44558b819af602d041de53c3463cb3012c31cd05",
        "type": "github"
      },
      "original": {
        "owner": "nix-community",
        "repo": "emacs-overlay",
        "type": "github"
      }
    },
    "emacs_2": {
      "locked": {
        "lastModified": 1648464768,
        "narHash": "sha256-TOEDjtD2bfmzvKBBO1BqJRrkYsmjhR92bMm4imslL6Q=",
        "owner": "nix-community",
        "repo": "emacs-overlay",
        "rev": "cb5bae9a90139ea872ce8ba5c3efd5d619e85975",
        "type": "github"
      },
      "original": {
        "owner": "nix-community",
        "ref": "master",
        "repo": "emacs-overlay",
        "type": "github"
      }
    },
    "flake-compat": {
      "flake": false,
      "locked": {
        "lastModified": 1641205782,
        "narHash": "sha256-4jY7RCWUoZ9cKD8co0/4tFARpWB+57+r1bLLvXNJliY=",
        "owner": "edolstra",
        "repo": "flake-compat",
        "rev": "b7547d3eed6f32d06102ead8991ec52ab0a4f1a7",
        "type": "github"
      },
      "original": {
        "owner": "edolstra",
        "repo": "flake-compat",
        "type": "github"
      }
    },
    "flake-compat_2": {
      "flake": false,
      "locked": {
        "lastModified": 1650374568,
        "narHash": "sha256-Z+s0J8/r907g149rllvwhb4pKi8Wam5ij0st8PwAh+E=",
        "owner": "edolstra",
        "repo": "flake-compat",
        "rev": "b4a34015c698c7793d592d66adbab377907a2be8",
        "type": "github"
      },
      "original": {
        "owner": "edolstra",
        "repo": "flake-compat",
        "type": "github"
      }
    },
    "flake-compat_3": {
      "flake": false,
      "locked": {
        "lastModified": 1648199409,
        "narHash": "sha256-JwPKdC2PoVBkG6E+eWw3j6BMR6sL3COpYWfif7RVb8Y=",
        "owner": "edolstra",
        "repo": "flake-compat",
        "rev": "64a525ee38886ab9028e6f61790de0832aa3ef03",
        "type": "github"
      },
      "original": {
        "owner": "edolstra",
        "repo": "flake-compat",
        "type": "github"
      }
    },
    "flake-utils": {
      "locked": {
        "lastModified": 1656928814,
        "narHash": "sha256-RIFfgBuKz6Hp89yRr7+NR5tzIAbn52h8vT6vXkYjZoM=",
        "owner": "numtide",
        "repo": "flake-utils",
        "rev": "7e2a3b3dfd9af950a856d66b0a7d01e3c18aa249",
        "type": "github"
      },
      "original": {
        "owner": "numtide",
        "repo": "flake-utils",
        "type": "github"
      }
    },
    "flake-utils_2": {
      "locked": {
        "lastModified": 1656065134,
        "narHash": "sha256-oc6E6ByIw3oJaIyc67maaFcnjYOz1mMcOtHxbEf9NwQ=",
        "owner": "numtide",
        "repo": "flake-utils",
        "rev": "bee6a7250dd1b01844a2de7e02e4df7d8a0a206c",
        "type": "github"
      },
      "original": {
        "owner": "numtide",
        "repo": "flake-utils",
        "type": "github"
      }
    },
    "flake-utils_3": {
      "locked": {
        "lastModified": 1623875721,
        "narHash": "sha256-A8BU7bjS5GirpAUv4QA+QnJ4CceLHkcXdRp4xITDB0s=",
        "owner": "numtide",
        "repo": "flake-utils",
        "rev": "f7e004a55b120c02ecb6219596820fcd32ca8772",
        "type": "github"
      },
      "original": {
        "owner": "numtide",
        "ref": "master",
        "repo": "flake-utils",
        "type": "github"
      }
    },
    "grahamc-config": {
      "flake": false,
      "locked": {
        "lastModified": 1605133335,
        "narHash": "sha256-7p3fE9Jc/0mQJ1WhMB0RsSeICrB7HzmQ6Spu2UEtNSY=",
        "owner": "grahamc",
        "repo": "nixos-config",
        "rev": "35388280d3b06ada5882d37c5b4f6d3baa43da69",
        "type": "github"
      },
      "original": {
        "owner": "grahamc",
        "repo": "nixos-config",
        "type": "github"
      }
    },
    "home-manager": {
      "inputs": {
        "nixpkgs": [
          "nixpkgs"
        ],
        "utils": "utils"
      },
      "locked": {
        "lastModified": 1666080735,
        "narHash": "sha256-4YWYJgzt9mGuAvXAuEziYms+bYlk/1spyt3iLizRL5I=",
        "owner": "nix-community",
        "repo": "home-manager",
        "rev": "42f81ac107c5a9a177888080107094dba57f134e",
        "type": "github"
      },
      "original": {
        "owner": "nix-community",
        "repo": "home-manager",
        "type": "github"
      }
    },
    "kittybox": {
      "inputs": {
        "flake-utils": "flake-utils_3",
        "naersk": "naersk",
        "nixpkgs": [
          "vika",
          "nixpkgs"
        ]
      },
      "locked": {
        "lastModified": 1653401910,
        "narHash": "sha256-HUAyysLkYQmbcjRJafEAMgQqlSCzG3/IcnO0MuljPRI=",
        "ref": "main",
        "rev": "5610a5f0bf1a9df02bd3d5b55e2cdebef2440360",
        "revCount": 188,
        "type": "git",
        "url": "https://git.sr.ht/~vikanezrimaya/kittybox"
      },
      "original": {
        "ref": "main",
        "type": "git",
        "url": "https://git.sr.ht/~vikanezrimaya/kittybox"
      }
    },
    "kloenk-www": {
      "inputs": {
        "flake-compat": "flake-compat_2",
        "nixpkgs": "nixpkgs",
        "papermod": "papermod"
      },
      "locked": {
        "host": "cyberchaos.dev",
        "lastModified": 1657447157,
        "narHash": "sha256-qBLOoBfDiAylXU9Vq6VMplonFWsQsnhOcAsbCt+dIPM=",
        "owner": "kloenk",
        "repo": "www",
        "rev": "1d18abed1e663d71ef0a403c09aaecbce9148f54",
        "type": "gitlab"
      },
      "original": {
        "host": "cyberchaos.dev",
        "owner": "kloenk",
        "repo": "www",
        "type": "gitlab"
      }
    },
    "lowdown-src": {
      "flake": false,
      "locked": {
        "lastModified": 1633514407,
        "narHash": "sha256-Dw32tiMjdK9t3ETl5fzGrutQTzh2rufgZV4A/BbxuD4=",
        "owner": "kristapsdz",
        "repo": "lowdown",
        "rev": "d2c2b44ff6c27b936ec27358a2653caaef8f73b8",
        "type": "github"
      },
      "original": {
        "owner": "kristapsdz",
        "repo": "lowdown",
        "type": "github"
      }
    },
    "mail-server": {
      "inputs": {
        "blobs": "blobs",
        "nixpkgs": "nixpkgs_2",
        "nixpkgs-22_05": "nixpkgs-22_05",
        "utils": "utils_2"
      },
      "locked": {
        "lastModified": 1658267644,
        "narHash": "sha256-NJRe1rnlF112eZwxNASlRL8/ghwD8g+lpHIYRkWQxC8=",
        "owner": "simple-nixos-mailserver",
        "repo": "nixos-mailserver",
        "rev": "004c229ca44c069d93c92abf67ff1619fb508c6a",
        "type": "gitlab"
      },
      "original": {
        "owner": "simple-nixos-mailserver",
        "ref": "master",
        "repo": "nixos-mailserver",
        "type": "gitlab"
      }
    },
    "moodlepkgs": {
      "inputs": {
        "nixpkgs": [
          "nixpkgs"
        ]
      },
      "locked": {
        "lastModified": 1666088339,
        "narHash": "sha256-NyQcyIaPQiV0lEy3qvla1eu4ZU0SAFuv8ghQOScMPQM=",
        "owner": "kloenk",
        "repo": "moodlepkgs",
        "rev": "e4d40bbb460ca80b047137b82b770b3732b8bd9f",
        "type": "github"
      },
      "original": {
        "owner": "kloenk",
        "repo": "moodlepkgs",
        "type": "github"
      }
    },
    "naersk": {
      "inputs": {
        "nixpkgs": [
          "vika",
          "kittybox",
          "nixpkgs"
        ]
      },
      "locked": {
        "lastModified": 1651574473,
        "narHash": "sha256-wQhFORvRjo8LB2hTmETmv6cbyKGDPbfWqvZ/0chnDE4=",
        "owner": "nmattia",
        "repo": "naersk",
        "rev": "f21309b38e1da0d61b881b6b6d41b81c1aed4e1d",
        "type": "github"
      },
      "original": {
        "owner": "nmattia",
        "ref": "master",
        "repo": "naersk",
        "type": "github"
      }
    },
    "nix": {
      "inputs": {
        "lowdown-src": "lowdown-src",
        "nixpkgs": "nixpkgs_3",
        "nixpkgs-regression": "nixpkgs-regression"
      },
      "locked": {
        "lastModified": 1666079405,
        "narHash": "sha256-FckhGfnosWtcQop/TF/6yj4ifgd18/vdRT2ctPzNpUg=",
        "owner": "nixos",
        "repo": "nix",
        "rev": "a324e9a5c84a144b824303064220463977c63c73",
        "type": "github"
      },
      "original": {
        "owner": "nixos",
        "repo": "nix",
        "type": "github"
      }
    },
    "nix-minecraft": {
      "inputs": {
        "flake-utils": "flake-utils",
        "nixpkgs": [
          "nixpkgs"
        ]
      },
      "locked": {
        "lastModified": 1662051327,
        "narHash": "sha256-mScuFFx/BVQeCmZPmhn/43zhbgLZ7iuR6h5BILlrlwI=",
        "owner": "kloenk",
        "repo": "nix-minecraft",
        "rev": "36e2835da3ea9dd26fc659a460854b8fa35c78af",
        "type": "github"
      },
      "original": {
        "owner": "Infinidoge",
        "repo": "nix-minecraft",
        "type": "github"
      }
    },
    "nixos-hardware": {
      "locked": {
        "lastModified": 1620983891,
        "narHash": "sha256-E2OKVgGo/cUqDsrIeYGVx64b4cxgzd7+bX33NHL0rbA=",
        "owner": "NixOS",
        "repo": "nixos-hardware",
        "rev": "c4399b921fa7ff5f93ee10b3521b56b722ed74d8",
        "type": "github"
      },
      "original": {
        "owner": "NixOS",
        "ref": "master",
        "repo": "nixos-hardware",
        "type": "github"
      }
    },
    "nixpkgs": {
      "locked": {
        "lastModified": 1657056915,
        "narHash": "sha256-pzpuGI0+UHNlWae91QYeAlK0rY0FGZJAhHfRArHNwKY=",
        "owner": "NixOS",
        "repo": "nixpkgs",
        "rev": "c9ad20e7ebbe27a29d12353d15cdc853f896291b",
        "type": "github"
      },
      "original": {
        "id": "nixpkgs",
        "type": "indirect"
      }
    },
    "nixpkgs-22_05": {
      "locked": {
        "lastModified": 1654936503,
        "narHash": "sha256-soKzdhI4jTHv/rSbh89RdlcJmrPgH8oMb/PLqiqIYVQ=",
        "owner": "NixOS",
        "repo": "nixpkgs",
        "rev": "dab6df51387c3878cdea09f43589a15729cae9f4",
        "type": "github"
      },
      "original": {
        "id": "nixpkgs",
        "ref": "nixos-22.05",
        "type": "indirect"
      }
    },
    "nixpkgs-22_05_2": {
      "locked": {
        "lastModified": 1665870850,
        "narHash": "sha256-EkC/Kkc9cr2orI868OHnh6F8/aqS4TZy38ie+KnhfS8=",
        "owner": "NixOS",
        "repo": "nixpkgs",
        "rev": "945a85cb7ee31f5f8c49432d77b610b777662d4f",
        "type": "github"
      },
      "original": {
        "owner": "NixOS",
        "ref": "release-22.05",
        "repo": "nixpkgs",
        "type": "github"
      }
    },
    "nixpkgs-power-profiles-daemon": {
      "locked": {
        "lastModified": 1651358395,
        "narHash": "sha256-Kbx0vmFTVdGnWMhqmGcTA0FkqL40/fyidSOEf4OrnZE=",
        "owner": "nixos",
        "repo": "nixpkgs",
        "rev": "014b59a4b891ecdec0e162677360d0777dfb5a7a",
        "type": "github"
      },
      "original": {
        "owner": "nixos",
        "repo": "nixpkgs",
        "rev": "014b59a4b891ecdec0e162677360d0777dfb5a7a",
        "type": "github"
      }
    },
    "nixpkgs-regression": {
      "locked": {
        "lastModified": 1643052045,
        "narHash": "sha256-uGJ0VXIhWKGXxkeNnq4TvV3CIOkUJ3PAoLZ3HMzNVMw=",
        "owner": "NixOS",
        "repo": "nixpkgs",
        "rev": "215d4d0fd80ca5163643b03a33fde804a29cc1e2",
        "type": "github"
      },
      "original": {
        "owner": "NixOS",
        "repo": "nixpkgs",
        "rev": "215d4d0fd80ca5163643b03a33fde804a29cc1e2",
        "type": "github"
      }
    },
    "nixpkgs_2": {
      "locked": {
        "lastModified": 1642635915,
        "narHash": "sha256-vabPA32j81xBO5m3+qXndWp5aqepe+vu96Wkd9UnngM=",
        "owner": "NixOS",
        "repo": "nixpkgs",
        "rev": "6d8215281b2f87a5af9ed7425a26ac575da0438f",
        "type": "github"
      },
      "original": {
        "id": "nixpkgs",
        "ref": "nixos-unstable",
        "type": "indirect"
      }
    },
    "nixpkgs_3": {
      "locked": {
        "lastModified": 1666014999,
        "narHash": "sha256-gvKl8xlPJreezNG1NVTJv/HdGC69MSrM+IpCxS+eFvw=",
        "owner": "NixOS",
        "repo": "nixpkgs",
        "rev": "1935dd8fdab8e022a9d958419663162fd840014c",
        "type": "github"
      },
      "original": {
        "owner": "NixOS",
        "ref": "nixos-22.05-small",
        "repo": "nixpkgs",
        "type": "github"
      }
    },
    "nixpkgs_4": {
      "locked": {
        "lastModified": 1666171135,
        "narHash": "sha256-+0AIbPDd24ZVjZgFobJH3uuJuyLVZjiH0oQNb01hyWE=",
        "owner": "nixos",
        "repo": "nixpkgs",
        "rev": "5720791e7fcdcc89834732e11848d73151356966",
        "type": "github"
      },
      "original": {
        "owner": "nixos",
        "repo": "nixpkgs",
        "type": "github"
      }
    },
    "nixpkgs_5": {
      "locked": {
        "lastModified": 1652433491,
        "narHash": "sha256-k9FMMZzsAdhetvbZ9RvFrfgLGA7veAQEDF1XkFyAhPc=",
        "owner": "vikanezrimaya",
        "repo": "nixpkgs",
        "rev": "99ad3343c502a25f1a194a7ed674e504b54ff77c",
        "type": "github"
      },
      "original": {
        "owner": "vikanezrimaya",
        "ref": "nixos-unstable",
        "repo": "nixpkgs",
        "type": "github"
      }
    },
    "papermod": {
      "flake": false,
      "locked": {
        "lastModified": 1656084609,
        "narHash": "sha256-t0oMROiSXSwxOGWg+E/f43yLBmwcyd8ZH0E28t6vVYQ=",
        "owner": "adityatelange",
        "repo": "hugo-PaperMod",
        "rev": "9af128a8a638d139771afc30a8f331a73ce810b1",
        "type": "github"
      },
      "original": {
        "owner": "adityatelange",
        "repo": "hugo-PaperMod",
        "type": "github"
      }
    },
    "root": {
      "inputs": {
        "darwin": "darwin",
        "dns": "dns",
        "emacs": "emacs",
        "flake-compat": "flake-compat",
        "grahamc-config": "grahamc-config",
        "home-manager": "home-manager",
        "kloenk-www": "kloenk-www",
        "mail-server": "mail-server",
        "moodlepkgs": "moodlepkgs",
        "nix": "nix",
        "nix-minecraft": "nix-minecraft",
        "nixpkgs": "nixpkgs_4",
        "sops-nix": "sops-nix",
        "vika": "vika",
        "website": "website"
      }
    },
    "rust-overlay": {
      "inputs": {
        "flake-utils": [
          "vika",
          "flake-utils"
        ],
        "nixpkgs": [
          "vika",
          "nixpkgs"
        ]
      },
      "locked": {
        "lastModified": 1655692957,
        "narHash": "sha256-PubmAIcfn/PQRA1G4FdEA9r+oo5JpgjPlx5EcTAgelM=",
        "owner": "oxalica",
        "repo": "rust-overlay",
        "rev": "72b262045a2afa8f6dca94572f6ed5409ef346ab",
        "type": "github"
      },
      "original": {
        "owner": "oxalica",
        "repo": "rust-overlay",
        "type": "github"
      }
    },
    "sops-nix": {
      "inputs": {
        "nixpkgs": [
          "nixpkgs"
        ],
        "nixpkgs-22_05": "nixpkgs-22_05_2"
      },
      "locked": {
        "lastModified": 1666078616,
        "narHash": "sha256-ifW3GhIxuKv5+AidKAPpmtS8M7TY2d7VS6eFnaCFdfU=",
        "owner": "Mic92",
        "repo": "sops-nix",
        "rev": "8e470d4eac115aa793437e52e84e7f9abdce236b",
        "type": "github"
      },
      "original": {
        "owner": "Mic92",
        "repo": "sops-nix",
        "type": "github"
      }
    },
    "sops-nix_2": {
      "inputs": {
        "nixpkgs": [
          "vika",
          "nixpkgs"
        ]
      },
      "locked": {
        "lastModified": 1622915462,
        "narHash": "sha256-Hr/DVKUnQt3BTR3o4vzux1Ed1mciKZOrCRWuwORzt4Y=",
        "owner": "Mic92",
        "repo": "sops-nix",
        "rev": "7918c59b392f23665c0b726d4c640d14be4b0b8b",
        "type": "github"
      },
      "original": {
        "owner": "Mic92",
        "ref": "master",
        "repo": "sops-nix",
        "type": "github"
      }
    },
    "utils": {
      "locked": {
        "lastModified": 1659877975,
        "narHash": "sha256-zllb8aq3YO3h8B/U0/J1WBgAL8EX5yWf5pMj3G0NAmc=",
        "owner": "numtide",
        "repo": "flake-utils",
        "rev": "c0e246b9b83f637f4681389ecabcb2681b4f3af0",
        "type": "github"
      },
      "original": {
        "owner": "numtide",
        "repo": "flake-utils",
        "type": "github"
      }
    },
    "utils_2": {
      "locked": {
        "lastModified": 1605370193,
        "narHash": "sha256-YyMTf3URDL/otKdKgtoMChu4vfVL3vCMkRqpGifhUn0=",
        "owner": "numtide",
        "repo": "flake-utils",
        "rev": "5021eac20303a61fafe17224c087f5519baed54d",
        "type": "github"
      },
      "original": {
        "owner": "numtide",
        "repo": "flake-utils",
        "type": "github"
      }
    },
    "vika": {
      "inputs": {
        "emacs": "emacs_2",
        "flake-utils": "flake-utils_2",
        "kittybox": "kittybox",
        "nixos-hardware": "nixos-hardware",
        "nixpkgs": "nixpkgs_5",
        "nixpkgs-power-profiles-daemon": "nixpkgs-power-profiles-daemon",
        "rust-overlay": "rust-overlay",
        "sops-nix": "sops-nix_2",
        "vika-overlay": "vika-overlay",
        "wayland": "wayland"
      },
      "locked": {
        "lastModified": 1656174576,
        "narHash": "sha256-mpmhVQw8pJKFLACrm8i/foZ+Ye+tNM9zITLFyCKmydY=",
        "owner": "~vikanezrimaya",
        "repo": "nix-flake",
        "rev": "299a216d856f562d5be05fa5126d0419de4b6ed1",
        "type": "sourcehut"
      },
      "original": {
        "owner": "~vikanezrimaya",
        "repo": "nix-flake",
        "type": "sourcehut"
      }
    },
    "vika-overlay": {
      "inputs": {
        "nixpkgs": [
          "vika",
          "nixpkgs"
        ]
      },
      "locked": {
        "lastModified": 1597789522,
        "narHash": "sha256-TVKVPZuRpxWyFx982K9yv6CQuT/5u/sPFZQYzQaeNjk=",
        "ref": "master",
        "rev": "7eb6b95dc0a5b38f64b7411d9126342efa1b470a",
        "revCount": 33,
        "type": "git",
        "url": "https://gitlab.com/vikanezrimaya/nixos-overlay.git"
      },
      "original": {
        "type": "git",
        "url": "https://gitlab.com/vikanezrimaya/nixos-overlay.git"
      }
    },
    "wayland": {
      "inputs": {
        "cachix": "cachix",
        "flake-compat": "flake-compat_3",
        "nixpkgs": [
          "vika",
          "nixpkgs"
        ]
      },
      "locked": {
        "lastModified": 1649183974,
        "narHash": "sha256-hDB9NEtayoogKmln3JJyT0pE+io9cPw4as+T+LzSkA0=",
        "owner": "nix-community",
        "repo": "nixpkgs-wayland",
        "rev": "5e884fd4caa46b3071b983662e294b27dad82f27",
        "type": "github"
      },
      "original": {
        "owner": "nix-community",
        "ref": "master",
        "repo": "nixpkgs-wayland",
        "type": "github"
      }
    },
    "website": {
      "flake": false,
      "locked": {
        "host": "cyberchaos.dev",
        "lastModified": 1638437988,
        "narHash": "sha256-eovKAaRETZ7wK7rv3jyEELqukY1YxZHYcoK2xKKYtmg=",
        "owner": "kloenk",
        "repo": "website",
        "rev": "647ec31d3f9433f957328e0660293b1dfed04dcd",
        "type": "gitlab"
      },
      "original": {
        "host": "cyberchaos.dev",
        "owner": "kloenk",
        "repo": "website",
        "type": "gitlab"
      }
    }
  },
  "root": "root",
  "version": 7
}
