{
  "nodes": {
    "dns": {
      "inputs": {
        "nixpkgs": [
          "nixpkgs"
        ]
      },
      "locked": {
        "lastModified": 1597480140,
        "narHash": "sha256-Zz0McVTWaTr73rjj4CZAqDdniY+iTyN/nTrAdabbpZY=",
        "owner": "kloenk",
        "repo": "nix-dns",
        "rev": "f1b6c25b308538358642a0578ac8bde40e54e998",
        "type": "github"
      },
      "original": {
        "owner": "kloenk",
        "repo": "nix-dns",
        "type": "github"
      }
    },
    "grahamc-config": {
      "flake": false,
      "locked": {
        "lastModified": 1604458922,
        "narHash": "sha256-Iw/OC/cLxyEgOKIRhaqqKyOQLtIOLi/8hTbGtyrtsgM=",
        "owner": "grahamc",
        "repo": "nixos-config",
        "rev": "9161782363b1fab27cffaa0b6432a10b303f3d7c",
        "type": "github"
      },
      "original": {
        "owner": "grahamc",
        "repo": "nixos-config",
        "type": "github"
      }
    },
    "home-manager": {
      "inputs": {
        "nixpkgs": [
          "nixpkgs"
        ],
        "nmt": "nmt"
      },
      "locked": {
        "lastModified": 1590269472,
        "narHash": "sha256-wiHqSIYJ65/rjTNc8P4UIaU78hKhxdxDo/83n5I+6WU=",
        "owner": "kloenk",
        "repo": "home-manager",
        "rev": "fef8561af7fe842e81b38966fa5b2f7228396d14",
        "type": "github"
      },
      "original": {
        "owner": "kloenk",
        "ref": "flake-overlay",
        "repo": "home-manager",
        "type": "github"
      }
    },
    "hydra": {
      "inputs": {
        "nix": "nix",
        "nixpkgs": [
          "hydra",
          "nix",
          "nixpkgs"
        ]
      },
      "locked": {
        "lastModified": 1604333282,
        "narHash": "sha256-yJdJrTvsTtDxiARbaoELP3dDV4tyxCBxcBFy3XugrR0=",
        "owner": "nixos",
        "repo": "hydra",
        "rev": "73dfef364bb7b8eff43e435a30fd2fe1cc3350db",
        "type": "github"
      },
      "original": {
        "owner": "nixos",
        "repo": "hydra",
        "type": "github"
      }
    },
    "lowdown-src": {
      "flake": false,
      "locked": {
        "lastModified": 1598695561,
        "narHash": "sha256-gyH/5j+h/nWw0W8AcR2WKvNBUsiQ7QuxqSJNXAwV+8E=",
        "owner": "kristapsdz",
        "repo": "lowdown",
        "rev": "1705b4a26fbf065d9574dce47a94e8c7c79e052f",
        "type": "github"
      },
      "original": {
        "owner": "kristapsdz",
        "repo": "lowdown",
        "type": "github"
      }
    },
    "lowdown-src_2": {
      "flake": false,
      "locked": {
        "lastModified": 1598695561,
        "narHash": "sha256-gyH/5j+h/nWw0W8AcR2WKvNBUsiQ7QuxqSJNXAwV+8E=",
        "owner": "kristapsdz",
        "repo": "lowdown",
        "rev": "1705b4a26fbf065d9574dce47a94e8c7c79e052f",
        "type": "github"
      },
      "original": {
        "owner": "kristapsdz",
        "repo": "lowdown",
        "type": "github"
      }
    },
    "mail-server": {
      "flake": false,
      "locked": {
        "lastModified": 1604129676,
        "narHash": "sha256-Kxou8A/LHZ7LdgPfBunllyJR5FTEg/jYIQPx6Jqj37E=",
        "owner": "simple-nixos-mailserver",
        "repo": "nixos-mailserver",
        "rev": "c04260cf5e685fc99ccb669654e147f94e3de8a4",
        "type": "gitlab"
      },
      "original": {
        "owner": "simple-nixos-mailserver",
        "ref": "master",
        "repo": "nixos-mailserver",
        "type": "gitlab"
      }
    },
    "mixnix": {
      "flake": false,
      "locked": {
        "lastModified": 1587327380,
        "narHash": "sha256-+VkwVR1SKS8Bzs0V8E166R3utaB7oSFd2ueH8mHVJjs=",
        "ref": "master",
        "rev": "450d1dd2e9550b67db49accf4e67e560add5c32b",
        "revCount": 3,
        "type": "git",
        "url": "https://git.petabyte.dev/petabyteboy/mixnix"
      },
      "original": {
        "type": "git",
        "url": "https://git.petabyte.dev/petabyteboy/mixnix"
      }
    },
    "nix": {
      "inputs": {
        "lowdown-src": "lowdown-src",
        "nixpkgs": [
          "nixpkgs"
        ]
      },
      "locked": {
        "lastModified": 1603189103,
        "narHash": "sha256-KVS/Z6FzMBOl5XCyOLwfiVoX7G2LQRa9HMGNnJRPCoo=",
        "owner": "NixOS",
        "repo": "nix",
        "rev": "e0ca98c2071b815578470e280df8fdb750c7e23b",
        "type": "github"
      },
      "original": {
        "id": "nix",
        "type": "indirect"
      }
    },
    "nix_2": {
      "inputs": {
        "lowdown-src": "lowdown-src_2",
        "nixpkgs": [
          "nixpkgs"
        ]
      },
      "locked": {
        "lastModified": 1605047597,
        "narHash": "sha256-8kXh1AHupKujc5NrtyTuCLo4FHn2HrIhD3GM9TWSio8=",
        "owner": "nixos",
        "repo": "nix",
        "rev": "905f6678e8e97960f03fedc95b23144319dc6d8c",
        "type": "github"
      },
      "original": {
        "owner": "nixos",
        "repo": "nix",
        "type": "github"
      }
    },
    "nixos-org": {
      "flake": false,
      "locked": {
        "lastModified": 1604868467,
        "narHash": "sha256-KyCyCiTJYEjnhCTOJDagA3fCxJRBY1KqgAEjyO3s4J4=",
        "owner": "nixos",
        "repo": "nixos-org-configurations",
        "rev": "eeba053972a45df4a464d0b1c54bfa44e74d091f",
        "type": "github"
      },
      "original": {
        "owner": "nixos",
        "repo": "nixos-org-configurations",
        "type": "github"
      }
    },
    "nixpkgs": {
      "locked": {
        "lastModified": 1605128306,
        "narHash": "sha256-SHNCSmBnhuQIXU5KRLqK4xTM5Z11/fHsZGGHMxiFv74=",
        "owner": "kloenk",
        "repo": "nixpkgs",
        "rev": "4d2f06ea5094302e06c1bd124f66d322af527f3b",
        "type": "github"
      },
      "original": {
        "owner": "nixos",
        "repo": "nixpkgs",
        "type": "github"
      }
    },
    "nixpkgs-mc": {
      "locked": {
        "lastModified": 1591018547,
        "narHash": "sha256-xuoppQuXclEzt5HukxAoODO3Sd9InPu7Fh9Ya8vwzaw=",
        "owner": "kloenk",
        "repo": "nixpkgs",
        "rev": "220c91cefc2fc382cbf96d301cd01b8ce08d9860",
        "type": "github"
      },
      "original": {
        "owner": "kloenk",
        "ref": "feature/mc-fifo",
        "repo": "nixpkgs",
        "type": "github"
      }
    },
    "nmt": {
      "locked": {
        "lastModified": 1590269023,
        "narHash": "sha256-VNDyjOFqF17vOpNxc0QJ9W8rY2v610j+ov+sv6oPUl8=",
        "owner": "kloenk",
        "repo": "nmt",
        "rev": "6fce291806fb130ce3c2318a06179caa9a381406",
        "type": "github"
      },
      "original": {
        "owner": "kloenk",
        "repo": "nmt",
        "type": "github"
      }
    },
    "root": {
      "inputs": {
        "dns": "dns",
        "grahamc-config": "grahamc-config",
        "home-manager": "home-manager",
        "hydra": "hydra",
        "mail-server": "mail-server",
        "mixnix": "mixnix",
        "nix": "nix_2",
        "nixos-org": "nixos-org",
        "nixpkgs": "nixpkgs",
        "nixpkgs-mc": "nixpkgs-mc",
        "website": "website"
      }
    },
    "website": {
      "flake": false,
      "locked": {
        "lastModified": 1603405521,
        "narHash": "sha256-o1ZvlINMq5J/qeqbcqiHtlEFWC9y95imfi01vHY37TY=",
        "ref": "lexbeserious",
        "rev": "f7b6b2fb8b9d4b8f718e53da71b5b41236c59097",
        "revCount": 17,
        "type": "git",
        "url": "https://git.petabyte.dev/kloenk/website.git"
      },
      "original": {
        "ref": "lexbeserious",
        "type": "git",
        "url": "https://git.petabyte.dev/kloenk/website.git"
      }
    }
  },
  "root": "root",
  "version": 7
}
